Microsoft Visual Studio Solution File, Format Version 1.00
Project("{73393D18-DAC4-11D1-88FC-0000F8064EBB}") = "FRAMES", "VBInstaller2.wip", "{95C40CB8-7351-4740-8214-A9725A35A308}"
EndProject
Global
	GlobalSection(LocalDeployment) = postSolution
		StartupProject = {00000000-0000-0000-0000-000000000000}
	EndGlobalSection
	GlobalSection(BuildOrder) = postSolution
		0 = {95C40CB8-7351-4740-8214-A9725A35A308}
	EndGlobalSection
EndGlobal
